
Microsoft Visual Studio Solution File, Format Version 12.00
# Visual Studio Version 17
VisualStudioVersion = 17.2.32505.173
MinimumVisualStudioVersion = 10.0.40219.1
Project("{FAE04EC0-301F-11D3-BF4B-00C04F79EFBC}") = "TubeWriter3_WPF", "TubeWriter3_WPF\TubeWriter3_WPF.csproj", "{05D1E735-0CDB-4CDE-8BEB-40DA887BD70A}"
EndProject
Global
	GlobalSection(SolutionConfigurationPlatforms) = preSolution
		Debug|Any CPU = Debug|Any CPU
		Release|Any CPU = Release|Any CPU
	EndGlobalSection
	GlobalSection(ProjectConfigurationPlatforms) = postSolution
		{05D1E735-0CDB-4CDE-8BEB-40DA887BD70A}.Debug|Any CPU.ActiveCfg = Debug|Any CPU
		{05D1E735-0CDB-4CDE-8BEB-40DA887BD70A}.Debug|Any CPU.Build.0 = Debug|Any CPU
		{05D1E735-0CDB-4CDE-8BEB-40DA887BD70A}.Release|Any CPU.ActiveCfg = Release|Any CPU
		{05D1E735-0CDB-4CDE-8BEB-40DA887BD70A}.Release|Any CPU.Build.0 = Release|Any CPU
	EndGlobalSection
	GlobalSection(SolutionProperties) = preSolution
		HideSolutionNode = FALSE
	EndGlobalSection
	GlobalSection(ExtensibilityGlobals) = postSolution
		SolutionGuid = {F00B4B26-1672-4089-A036-D85CF5774418}
	EndGlobalSection
EndGlobal
